# THIS IS AN AUTOGENERATED FILE. DO NOT EDIT THIS FILE DIRECTLY.
# yarn lockfile v1


bip44-constants@8.0.92:
  version "8.0.92"
  resolved "https://registry.yarnpkg.com/bip44-constants/-/bip44-constants-8.0.92.tgz#61cd1f63d8871fd55f919b08cdf771b2f2847f58"
  integrity sha512-DApTEDmTuQOirigyFNHDK9b/nJTtl8jE0c38u0lHp7QYx2mXqzVyfsUbE8t1TatOuLnVMXWmt4Ugcy1fxYhJBQ==
